
Microsoft Visual Studio Solution File, Format Version 12.00
# Visual Studio 15
VisualStudioVersion = 15.0.26228.4
MinimumVisualStudioVersion = 10.0.40219.1
Project("{2150E333-8FDC-42A3-9474-1A3956D46DE8}") = "LinkedList", "LinkedList", "{38DA810D-0BAE-4C5F-89E2-A61B8B630158}"
EndProject
Project("{FAE04EC0-301F-11D3-BF4B-00C04F79EFBC}") = "LinkedList", "LinkedList\LinkedList.csproj", "{6C480998-4087-439E-8BF5-C8CD797D83F6}"
EndProject
Project("{FAE04EC0-301F-11D3-BF4B-00C04F79EFBC}") = "DoublyLinkedList", "DoublyLinkedList\DoublyLinkedList.csproj", "{E744647B-9708-46DC-8AE8-DE2AC461E3DF}"
EndProject
Project("{2150E333-8FDC-42A3-9474-1A3956D46DE8}") = "Stack", "Stack", "{DEA32436-F431-40AC-908C-8ADBCB4E23E6}"
EndProject
Project("{FAE04EC0-301F-11D3-BF4B-00C04F79EFBC}") = "List", "List\List.csproj", "{D1374E85-98AA-4436-8FF5-8C48ADD4A884}"
EndProject
Project("{FAE04EC0-301F-11D3-BF4B-00C04F79EFBC}") = "Array", "Array\Array.csproj", "{D32DE93E-2852-4252-8773-C2CD837550DB}"
EndProject
Project("{FAE04EC0-301F-11D3-BF4B-00C04F79EFBC}") = "Calculator", "Calculator\Calculator.csproj", "{19A1E49F-A157-4C14-9BAE-8FF06B03705B}"
EndProject
Global
	GlobalSection(SolutionConfigurationPlatforms) = preSolution
		Debug|Any CPU = Debug|Any CPU
		Release|Any CPU = Release|Any CPU
	EndGlobalSection
	GlobalSection(ProjectConfigurationPlatforms) = postSolution
		{6C480998-4087-439E-8BF5-C8CD797D83F6}.Debug|Any CPU.ActiveCfg = Debug|Any CPU
		{6C480998-4087-439E-8BF5-C8CD797D83F6}.Debug|Any CPU.Build.0 = Debug|Any CPU
		{6C480998-4087-439E-8BF5-C8CD797D83F6}.Release|Any CPU.ActiveCfg = Release|Any CPU
		{6C480998-4087-439E-8BF5-C8CD797D83F6}.Release|Any CPU.Build.0 = Release|Any CPU
		{E744647B-9708-46DC-8AE8-DE2AC461E3DF}.Debug|Any CPU.ActiveCfg = Debug|Any CPU
		{E744647B-9708-46DC-8AE8-DE2AC461E3DF}.Debug|Any CPU.Build.0 = Debug|Any CPU
		{E744647B-9708-46DC-8AE8-DE2AC461E3DF}.Release|Any CPU.ActiveCfg = Release|Any CPU
		{E744647B-9708-46DC-8AE8-DE2AC461E3DF}.Release|Any CPU.Build.0 = Release|Any CPU
		{D1374E85-98AA-4436-8FF5-8C48ADD4A884}.Debug|Any CPU.ActiveCfg = Debug|Any CPU
		{D1374E85-98AA-4436-8FF5-8C48ADD4A884}.Debug|Any CPU.Build.0 = Debug|Any CPU
		{D1374E85-98AA-4436-8FF5-8C48ADD4A884}.Release|Any CPU.ActiveCfg = Release|Any CPU
		{D1374E85-98AA-4436-8FF5-8C48ADD4A884}.Release|Any CPU.Build.0 = Release|Any CPU
		{D32DE93E-2852-4252-8773-C2CD837550DB}.Debug|Any CPU.ActiveCfg = Debug|Any CPU
		{D32DE93E-2852-4252-8773-C2CD837550DB}.Debug|Any CPU.Build.0 = Debug|Any CPU
		{D32DE93E-2852-4252-8773-C2CD837550DB}.Release|Any CPU.ActiveCfg = Release|Any CPU
		{D32DE93E-2852-4252-8773-C2CD837550DB}.Release|Any CPU.Build.0 = Release|Any CPU
		{19A1E49F-A157-4C14-9BAE-8FF06B03705B}.Debug|Any CPU.ActiveCfg = Debug|Any CPU
		{19A1E49F-A157-4C14-9BAE-8FF06B03705B}.Debug|Any CPU.Build.0 = Debug|Any CPU
		{19A1E49F-A157-4C14-9BAE-8FF06B03705B}.Release|Any CPU.ActiveCfg = Release|Any CPU
		{19A1E49F-A157-4C14-9BAE-8FF06B03705B}.Release|Any CPU.Build.0 = Release|Any CPU
	EndGlobalSection
	GlobalSection(SolutionProperties) = preSolution
		HideSolutionNode = FALSE
	EndGlobalSection
	GlobalSection(NestedProjects) = preSolution
		{6C480998-4087-439E-8BF5-C8CD797D83F6} = {38DA810D-0BAE-4C5F-89E2-A61B8B630158}
		{E744647B-9708-46DC-8AE8-DE2AC461E3DF} = {38DA810D-0BAE-4C5F-89E2-A61B8B630158}
		{D1374E85-98AA-4436-8FF5-8C48ADD4A884} = {DEA32436-F431-40AC-908C-8ADBCB4E23E6}
		{D32DE93E-2852-4252-8773-C2CD837550DB} = {DEA32436-F431-40AC-908C-8ADBCB4E23E6}
		{19A1E49F-A157-4C14-9BAE-8FF06B03705B} = {DEA32436-F431-40AC-908C-8ADBCB4E23E6}
	EndGlobalSection
EndGlobal
